
Microsoft Visual Studio Solution File, Format Version 12.00
# Visual Studio Version 17
VisualStudioVersion = 17.4.33213.308
MinimumVisualStudioVersion = 10.0.40219.1
Project("{FAE04EC0-301F-11D3-BF4B-00C04F79EFBC}") = "SeleniumApp.Api", "SeleniumApp.Api\SeleniumApp.Api.csproj", "{B85DA2A1-3F06-4EE8-A266-BDDF67469860}"
EndProject
Global
	GlobalSection(SolutionConfigurationPlatforms) = preSolution
		Debug|Any CPU = Debug|Any CPU
		Release|Any CPU = Release|Any CPU
	EndGlobalSection
	GlobalSection(ProjectConfigurationPlatforms) = postSolution
		{B85DA2A1-3F06-4EE8-A266-BDDF67469860}.Debug|Any CPU.ActiveCfg = Debug|Any CPU
		{B85DA2A1-3F06-4EE8-A266-BDDF67469860}.Debug|Any CPU.Build.0 = Debug|Any CPU
		{B85DA2A1-3F06-4EE8-A266-BDDF67469860}.Release|Any CPU.ActiveCfg = Release|Any CPU
		{B85DA2A1-3F06-4EE8-A266-BDDF67469860}.Release|Any CPU.Build.0 = Release|Any CPU
	EndGlobalSection
	GlobalSection(SolutionProperties) = preSolution
		HideSolutionNode = FALSE
	EndGlobalSection
	GlobalSection(ExtensibilityGlobals) = postSolution
		SolutionGuid = {9E5CAE0E-38C4-4FEF-9EB0-3C50D080665B}
	EndGlobalSection
EndGlobal
